
Microsoft Visual Studio Solution File, Format Version 12.00
Project("{2150E333-8FDC-42A3-9474-1A3956D46DE8}") = "Modules", "Modules", "{C6FF25B8-C19A-47E2-8064-7560318926F8}"
EndProject
Project("{2150E333-8FDC-42A3-9474-1A3956D46DE8}") = "BankAccount", "BankAccount", "{A1B2C3D4-E5F6-7890-ABCD-EF1234567890}"
EndProject
Project("{FAE04EC0-301F-11D3-BF4B-00C04F79EFBC}") = "BankAccount.Tests", "Modules\BankAccount\BankAccount.Tests\BankAccount.Tests.csproj", "{B2C3D4E5-F6A7-8901-BCDE-F12345678901}"
EndProject
Project("{2150E333-8FDC-42A3-9474-1A3956D46DE8}") = "WebApp", "WebApp", "{074D48AD-55C4-4056-83CB-5DD4B6519446}"
EndProject
Project("{2150E333-8FDC-42A3-9474-1A3956D46DE8}") = "Partners", "Partners", "{F7821E6C-0A9B-4D50-B487-F0F6E4ED73AA}"
EndProject
Project("{FAE04EC0-301F-11D3-BF4B-00C04F79EFBC}") = "Partners.Domain", "Modules\Patners\Partners.Domain\Partners.Domain.csproj", "{E5D71B8C-C06E-4C95-8C80-4AECF4845F92}"
EndProject
Project("{2150E333-8FDC-42A3-9474-1A3956D46DE8}") = "Shared", "Shared", "{D5A658E8-4F74-43A8-AE28-94FB88471CCC}"
EndProject
Project("{FAE04EC0-301F-11D3-BF4B-00C04F79EFBC}") = "Shared.Kernel", "Shared\Shared.Kernel\Shared.Kernel.csproj", "{34034FE8-23A2-40E4-B0CF-7B6080EBB098}"
EndProject
Project("{FAE04EC0-301F-11D3-BF4B-00C04F79EFBC}") = "Partners.Application", "Modules\Patners\Partners.Application\Partners.Application.csproj", "{037CFCF1-6AF6-4A44-AE71-2F33FE7FEBFF}"
EndProject
Project("{FAE04EC0-301F-11D3-BF4B-00C04F79EFBC}") = "Partners.Infrastructure", "Modules\Patners\Partners.Infrastructure\Partners.Infrastructure.csproj", "{9C3D5B7A-2E4F-4A81-B6C8-1F0E3D2C4B5A}"
EndProject
Project("{FAE04EC0-301F-11D3-BF4B-00C04F79EFBC}") = "WebApp", "WebApp\WebApp.csproj", "{AB32EF81-F67B-4D0A-A0CA-88CCF7611DC4}"
EndProject
Project("{FAE04EC0-301F-11D3-BF4B-00C04F79EFBC}") = "BankAccount.Domain", "Modules\BankAccount\BankAccount.Domain\BankAccount.Domain.csproj", "{F0177D35-BE65-4B8D-ACA1-CA39E5A3EC96}"
EndProject
Project("{FAE04EC0-301F-11D3-BF4B-00C04F79EFBC}") = "BankAccount.Application", "Modules\BankAccount\BankAccount.Application\BankAccount.Application.csproj", "{F296CA82-C310-4010-81C7-C4DB9FD31903}"
EndProject
Project("{FAE04EC0-301F-11D3-BF4B-00C04F79EFBC}") = "BankAccount.Infrastructure", "Modules\BankAccount\BankAccount.Infrastructure\BankAccount.Infrastructure.csproj", "{9F445E07-EF45-4BF8-8DD0-3CA51DDB224F}"
EndProject
Project("{2150E333-8FDC-42A3-9474-1A3956D46DE8}") = "CreditCard", "CreditCard", "{2025D6B8-EEF1-A508-8F77-F794E412CF1B}"
EndProject
Project("{FAE04EC0-301F-11D3-BF4B-00C04F79EFBC}") = "CreditCard.Domain", "Modules\CreditCard\CreditCard.Domain\CreditCard.Domain.csproj", "{CEDCB7A0-A244-4B0C-8455-DEE28F929DD1}"
EndProject
Project("{FAE04EC0-301F-11D3-BF4B-00C04F79EFBC}") = "CreditCard.Application", "Modules\CreditCard\CreditCard.Application\CreditCard.Application.csproj", "{FF35030C-F048-40B4-97DD-0B995ADE8803}"
EndProject
Project("{FAE04EC0-301F-11D3-BF4B-00C04F79EFBC}") = "CreditCard.Infrastructure", "Modules\CreditCard\CreditCard.Infrastructure\CreditCard.Infrastructure.csproj", "{B097EEE8-F099-4553-B3A2-EF578118B459}"
EndProject
Project("{FAE04EC0-301F-11D3-BF4B-00C04F79EFBC}") = "CreditCard.Tests", "Modules\CreditCard\CreditCard.Tests\CreditCard.Tests.csproj", "{EE5A9FF2-1A10-49B1-916C-10F6BA129442}"
EndProject
Global
	GlobalSection(SolutionConfigurationPlatforms) = preSolution
		Debug|Any CPU = Debug|Any CPU
		Debug|x64 = Debug|x64
		Debug|x86 = Debug|x86
		Release|Any CPU = Release|Any CPU
		Release|x64 = Release|x64
		Release|x86 = Release|x86
	EndGlobalSection
	GlobalSection(ProjectConfigurationPlatforms) = postSolution
		{B2C3D4E5-F6A7-8901-BCDE-F12345678901}.Debug|Any CPU.ActiveCfg = Debug|Any CPU
		{B2C3D4E5-F6A7-8901-BCDE-F12345678901}.Debug|Any CPU.Build.0 = Debug|Any CPU
		{B2C3D4E5-F6A7-8901-BCDE-F12345678901}.Debug|x64.ActiveCfg = Debug|Any CPU
		{B2C3D4E5-F6A7-8901-BCDE-F12345678901}.Debug|x64.Build.0 = Debug|Any CPU
		{B2C3D4E5-F6A7-8901-BCDE-F12345678901}.Debug|x86.ActiveCfg = Debug|Any CPU
		{B2C3D4E5-F6A7-8901-BCDE-F12345678901}.Debug|x86.Build.0 = Debug|Any CPU
		{B2C3D4E5-F6A7-8901-BCDE-F12345678901}.Release|Any CPU.ActiveCfg = Release|Any CPU
		{B2C3D4E5-F6A7-8901-BCDE-F12345678901}.Release|Any CPU.Build.0 = Release|Any CPU
		{B2C3D4E5-F6A7-8901-BCDE-F12345678901}.Release|x64.ActiveCfg = Release|Any CPU
		{B2C3D4E5-F6A7-8901-BCDE-F12345678901}.Release|x64.Build.0 = Release|Any CPU
		{B2C3D4E5-F6A7-8901-BCDE-F12345678901}.Release|x86.ActiveCfg = Release|Any CPU
		{B2C3D4E5-F6A7-8901-BCDE-F12345678901}.Release|x86.Build.0 = Release|Any CPU
		{E5D71B8C-C06E-4C95-8C80-4AECF4845F92}.Debug|Any CPU.ActiveCfg = Debug|Any CPU
		{E5D71B8C-C06E-4C95-8C80-4AECF4845F92}.Debug|Any CPU.Build.0 = Debug|Any CPU
		{E5D71B8C-C06E-4C95-8C80-4AECF4845F92}.Debug|x64.ActiveCfg = Debug|Any CPU
		{E5D71B8C-C06E-4C95-8C80-4AECF4845F92}.Debug|x64.Build.0 = Debug|Any CPU
		{E5D71B8C-C06E-4C95-8C80-4AECF4845F92}.Debug|x86.ActiveCfg = Debug|Any CPU
		{E5D71B8C-C06E-4C95-8C80-4AECF4845F92}.Debug|x86.Build.0 = Debug|Any CPU
		{E5D71B8C-C06E-4C95-8C80-4AECF4845F92}.Release|Any CPU.ActiveCfg = Release|Any CPU
		{E5D71B8C-C06E-4C95-8C80-4AECF4845F92}.Release|Any CPU.Build.0 = Release|Any CPU
		{E5D71B8C-C06E-4C95-8C80-4AECF4845F92}.Release|x64.ActiveCfg = Release|Any CPU
		{E5D71B8C-C06E-4C95-8C80-4AECF4845F92}.Release|x64.Build.0 = Release|Any CPU
		{E5D71B8C-C06E-4C95-8C80-4AECF4845F92}.Release|x86.ActiveCfg = Release|Any CPU
		{E5D71B8C-C06E-4C95-8C80-4AECF4845F92}.Release|x86.Build.0 = Release|Any CPU
		{34034FE8-23A2-40E4-B0CF-7B6080EBB098}.Debug|Any CPU.ActiveCfg = Debug|Any CPU
		{34034FE8-23A2-40E4-B0CF-7B6080EBB098}.Debug|Any CPU.Build.0 = Debug|Any CPU
		{34034FE8-23A2-40E4-B0CF-7B6080EBB098}.Debug|x64.ActiveCfg = Debug|Any CPU
		{34034FE8-23A2-40E4-B0CF-7B6080EBB098}.Debug|x64.Build.0 = Debug|Any CPU
		{34034FE8-23A2-40E4-B0CF-7B6080EBB098}.Debug|x86.ActiveCfg = Debug|Any CPU
		{34034FE8-23A2-40E4-B0CF-7B6080EBB098}.Debug|x86.Build.0 = Debug|Any CPU
		{34034FE8-23A2-40E4-B0CF-7B6080EBB098}.Release|Any CPU.ActiveCfg = Release|Any CPU
		{34034FE8-23A2-40E4-B0CF-7B6080EBB098}.Release|Any CPU.Build.0 = Release|Any CPU
		{34034FE8-23A2-40E4-B0CF-7B6080EBB098}.Release|x64.ActiveCfg = Release|Any CPU
		{34034FE8-23A2-40E4-B0CF-7B6080EBB098}.Release|x64.Build.0 = Release|Any CPU
		{34034FE8-23A2-40E4-B0CF-7B6080EBB098}.Release|x86.ActiveCfg = Release|Any CPU
		{34034FE8-23A2-40E4-B0CF-7B6080EBB098}.Release|x86.Build.0 = Release|Any CPU
		{037CFCF1-6AF6-4A44-AE71-2F33FE7FEBFF}.Debug|Any CPU.ActiveCfg = Debug|Any CPU
		{037CFCF1-6AF6-4A44-AE71-2F33FE7FEBFF}.Debug|Any CPU.Build.0 = Debug|Any CPU
		{037CFCF1-6AF6-4A44-AE71-2F33FE7FEBFF}.Debug|x64.ActiveCfg = Debug|Any CPU
		{037CFCF1-6AF6-4A44-AE71-2F33FE7FEBFF}.Debug|x64.Build.0 = Debug|Any CPU
		{037CFCF1-6AF6-4A44-AE71-2F33FE7FEBFF}.Debug|x86.ActiveCfg = Debug|Any CPU
		{037CFCF1-6AF6-4A44-AE71-2F33FE7FEBFF}.Debug|x86.Build.0 = Debug|Any CPU
		{037CFCF1-6AF6-4A44-AE71-2F33FE7FEBFF}.Release|Any CPU.ActiveCfg = Release|Any CPU
		{037CFCF1-6AF6-4A44-AE71-2F33FE7FEBFF}.Release|Any CPU.Build.0 = Release|Any CPU
		{037CFCF1-6AF6-4A44-AE71-2F33FE7FEBFF}.Release|x64.ActiveCfg = Release|Any CPU
		{037CFCF1-6AF6-4A44-AE71-2F33FE7FEBFF}.Release|x64.Build.0 = Release|Any CPU
		{037CFCF1-6AF6-4A44-AE71-2F33FE7FEBFF}.Release|x86.ActiveCfg = Release|Any CPU
		{037CFCF1-6AF6-4A44-AE71-2F33FE7FEBFF}.Release|x86.Build.0 = Release|Any CPU
		{9C3D5B7A-2E4F-4A81-B6C8-1F0E3D2C4B5A}.Debug|Any CPU.ActiveCfg = Debug|Any CPU
		{9C3D5B7A-2E4F-4A81-B6C8-1F0E3D2C4B5A}.Debug|Any CPU.Build.0 = Debug|Any CPU
		{9C3D5B7A-2E4F-4A81-B6C8-1F0E3D2C4B5A}.Debug|x64.ActiveCfg = Debug|Any CPU
		{9C3D5B7A-2E4F-4A81-B6C8-1F0E3D2C4B5A}.Debug|x64.Build.0 = Debug|Any CPU
		{9C3D5B7A-2E4F-4A81-B6C8-1F0E3D2C4B5A}.Debug|x86.ActiveCfg = Debug|Any CPU
		{9C3D5B7A-2E4F-4A81-B6C8-1F0E3D2C4B5A}.Debug|x86.Build.0 = Debug|Any CPU
		{9C3D5B7A-2E4F-4A81-B6C8-1F0E3D2C4B5A}.Release|Any CPU.ActiveCfg = Release|Any CPU
		{9C3D5B7A-2E4F-4A81-B6C8-1F0E3D2C4B5A}.Release|Any CPU.Build.0 = Release|Any CPU
		{9C3D5B7A-2E4F-4A81-B6C8-1F0E3D2C4B5A}.Release|x64.ActiveCfg = Release|Any CPU
		{9C3D5B7A-2E4F-4A81-B6C8-1F0E3D2C4B5A}.Release|x64.Build.0 = Release|Any CPU
		{9C3D5B7A-2E4F-4A81-B6C8-1F0E3D2C4B5A}.Release|x86.ActiveCfg = Release|Any CPU
		{9C3D5B7A-2E4F-4A81-B6C8-1F0E3D2C4B5A}.Release|x86.Build.0 = Release|Any CPU
		{AB32EF81-F67B-4D0A-A0CA-88CCF7611DC4}.Debug|Any CPU.ActiveCfg = Debug|Any CPU
		{AB32EF81-F67B-4D0A-A0CA-88CCF7611DC4}.Debug|Any CPU.Build.0 = Debug|Any CPU
		{AB32EF81-F67B-4D0A-A0CA-88CCF7611DC4}.Debug|x64.ActiveCfg = Debug|Any CPU
		{AB32EF81-F67B-4D0A-A0CA-88CCF7611DC4}.Debug|x64.Build.0 = Debug|Any CPU
		{AB32EF81-F67B-4D0A-A0CA-88CCF7611DC4}.Debug|x86.ActiveCfg = Debug|Any CPU
		{AB32EF81-F67B-4D0A-A0CA-88CCF7611DC4}.Debug|x86.Build.0 = Debug|Any CPU
		{AB32EF81-F67B-4D0A-A0CA-88CCF7611DC4}.Release|Any CPU.ActiveCfg = Release|Any CPU
		{AB32EF81-F67B-4D0A-A0CA-88CCF7611DC4}.Release|Any CPU.Build.0 = Release|Any CPU
		{AB32EF81-F67B-4D0A-A0CA-88CCF7611DC4}.Release|x64.ActiveCfg = Release|Any CPU
		{AB32EF81-F67B-4D0A-A0CA-88CCF7611DC4}.Release|x64.Build.0 = Release|Any CPU
		{AB32EF81-F67B-4D0A-A0CA-88CCF7611DC4}.Release|x86.ActiveCfg = Release|Any CPU
		{AB32EF81-F67B-4D0A-A0CA-88CCF7611DC4}.Release|x86.Build.0 = Release|Any CPU
		{F0177D35-BE65-4B8D-ACA1-CA39E5A3EC96}.Debug|Any CPU.ActiveCfg = Debug|Any CPU
		{F0177D35-BE65-4B8D-ACA1-CA39E5A3EC96}.Debug|Any CPU.Build.0 = Debug|Any CPU
		{F0177D35-BE65-4B8D-ACA1-CA39E5A3EC96}.Debug|x64.ActiveCfg = Debug|Any CPU
		{F0177D35-BE65-4B8D-ACA1-CA39E5A3EC96}.Debug|x64.Build.0 = Debug|Any CPU
		{F0177D35-BE65-4B8D-ACA1-CA39E5A3EC96}.Debug|x86.ActiveCfg = Debug|Any CPU
		{F0177D35-BE65-4B8D-ACA1-CA39E5A3EC96}.Debug|x86.Build.0 = Debug|Any CPU
		{F0177D35-BE65-4B8D-ACA1-CA39E5A3EC96}.Release|Any CPU.ActiveCfg = Release|Any CPU
		{F0177D35-BE65-4B8D-ACA1-CA39E5A3EC96}.Release|Any CPU.Build.0 = Release|Any CPU
		{F0177D35-BE65-4B8D-ACA1-CA39E5A3EC96}.Release|x64.ActiveCfg = Release|Any CPU
		{F0177D35-BE65-4B8D-ACA1-CA39E5A3EC96}.Release|x64.Build.0 = Release|Any CPU
		{F0177D35-BE65-4B8D-ACA1-CA39E5A3EC96}.Release|x86.ActiveCfg = Release|Any CPU
		{F0177D35-BE65-4B8D-ACA1-CA39E5A3EC96}.Release|x86.Build.0 = Release|Any CPU
		{F296CA82-C310-4010-81C7-C4DB9FD31903}.Debug|Any CPU.ActiveCfg = Debug|Any CPU
		{F296CA82-C310-4010-81C7-C4DB9FD31903}.Debug|Any CPU.Build.0 = Debug|Any CPU
		{F296CA82-C310-4010-81C7-C4DB9FD31903}.Debug|x64.ActiveCfg = Debug|Any CPU
		{F296CA82-C310-4010-81C7-C4DB9FD31903}.Debug|x64.Build.0 = Debug|Any CPU
		{F296CA82-C310-4010-81C7-C4DB9FD31903}.Debug|x86.ActiveCfg = Debug|Any CPU
		{F296CA82-C310-4010-81C7-C4DB9FD31903}.Debug|x86.Build.0 = Debug|Any CPU
		{F296CA82-C310-4010-81C7-C4DB9FD31903}.Release|Any CPU.ActiveCfg = Release|Any CPU
		{F296CA82-C310-4010-81C7-C4DB9FD31903}.Release|Any CPU.Build.0 = Release|Any CPU
		{F296CA82-C310-4010-81C7-C4DB9FD31903}.Release|x64.ActiveCfg = Release|Any CPU
		{F296CA82-C310-4010-81C7-C4DB9FD31903}.Release|x64.Build.0 = Release|Any CPU
		{F296CA82-C310-4010-81C7-C4DB9FD31903}.Release|x86.ActiveCfg = Release|Any CPU
		{F296CA82-C310-4010-81C7-C4DB9FD31903}.Release|x86.Build.0 = Release|Any CPU
		{9F445E07-EF45-4BF8-8DD0-3CA51DDB224F}.Debug|Any CPU.ActiveCfg = Debug|Any CPU
		{9F445E07-EF45-4BF8-8DD0-3CA51DDB224F}.Debug|Any CPU.Build.0 = Debug|Any CPU
		{9F445E07-EF45-4BF8-8DD0-3CA51DDB224F}.Debug|x64.ActiveCfg = Debug|Any CPU
		{9F445E07-EF45-4BF8-8DD0-3CA51DDB224F}.Debug|x64.Build.0 = Debug|Any CPU
		{9F445E07-EF45-4BF8-8DD0-3CA51DDB224F}.Debug|x86.ActiveCfg = Debug|Any CPU
		{9F445E07-EF45-4BF8-8DD0-3CA51DDB224F}.Debug|x86.Build.0 = Debug|Any CPU
		{9F445E07-EF45-4BF8-8DD0-3CA51DDB224F}.Release|Any CPU.ActiveCfg = Release|Any CPU
		{9F445E07-EF45-4BF8-8DD0-3CA51DDB224F}.Release|Any CPU.Build.0 = Release|Any CPU
		{9F445E07-EF45-4BF8-8DD0-3CA51DDB224F}.Release|x64.ActiveCfg = Release|Any CPU
		{9F445E07-EF45-4BF8-8DD0-3CA51DDB224F}.Release|x64.Build.0 = Release|Any CPU
		{9F445E07-EF45-4BF8-8DD0-3CA51DDB224F}.Release|x86.ActiveCfg = Release|Any CPU
		{9F445E07-EF45-4BF8-8DD0-3CA51DDB224F}.Release|x86.Build.0 = Release|Any CPU
		{CEDCB7A0-A244-4B0C-8455-DEE28F929DD1}.Debug|Any CPU.ActiveCfg = Debug|Any CPU
		{CEDCB7A0-A244-4B0C-8455-DEE28F929DD1}.Debug|Any CPU.Build.0 = Debug|Any CPU
		{CEDCB7A0-A244-4B0C-8455-DEE28F929DD1}.Debug|x64.ActiveCfg = Debug|Any CPU
		{CEDCB7A0-A244-4B0C-8455-DEE28F929DD1}.Debug|x64.Build.0 = Debug|Any CPU
		{CEDCB7A0-A244-4B0C-8455-DEE28F929DD1}.Debug|x86.ActiveCfg = Debug|Any CPU
		{CEDCB7A0-A244-4B0C-8455-DEE28F929DD1}.Debug|x86.Build.0 = Debug|Any CPU
		{CEDCB7A0-A244-4B0C-8455-DEE28F929DD1}.Release|Any CPU.ActiveCfg = Release|Any CPU
		{CEDCB7A0-A244-4B0C-8455-DEE28F929DD1}.Release|Any CPU.Build.0 = Release|Any CPU
		{CEDCB7A0-A244-4B0C-8455-DEE28F929DD1}.Release|x64.ActiveCfg = Release|Any CPU
		{CEDCB7A0-A244-4B0C-8455-DEE28F929DD1}.Release|x64.Build.0 = Release|Any CPU
		{CEDCB7A0-A244-4B0C-8455-DEE28F929DD1}.Release|x86.ActiveCfg = Release|Any CPU
		{CEDCB7A0-A244-4B0C-8455-DEE28F929DD1}.Release|x86.Build.0 = Release|Any CPU
		{FF35030C-F048-40B4-97DD-0B995ADE8803}.Debug|Any CPU.ActiveCfg = Debug|Any CPU
		{FF35030C-F048-40B4-97DD-0B995ADE8803}.Debug|Any CPU.Build.0 = Debug|Any CPU
		{FF35030C-F048-40B4-97DD-0B995ADE8803}.Debug|x64.ActiveCfg = Debug|Any CPU
		{FF35030C-F048-40B4-97DD-0B995ADE8803}.Debug|x64.Build.0 = Debug|Any CPU
		{FF35030C-F048-40B4-97DD-0B995ADE8803}.Debug|x86.ActiveCfg = Debug|Any CPU
		{FF35030C-F048-40B4-97DD-0B995ADE8803}.Debug|x86.Build.0 = Debug|Any CPU
		{FF35030C-F048-40B4-97DD-0B995ADE8803}.Release|Any CPU.ActiveCfg = Release|Any CPU
		{FF35030C-F048-40B4-97DD-0B995ADE8803}.Release|Any CPU.Build.0 = Release|Any CPU
		{FF35030C-F048-40B4-97DD-0B995ADE8803}.Release|x64.ActiveCfg = Release|Any CPU
		{FF35030C-F048-40B4-97DD-0B995ADE8803}.Release|x64.Build.0 = Release|Any CPU
		{FF35030C-F048-40B4-97DD-0B995ADE8803}.Release|x86.ActiveCfg = Release|Any CPU
		{FF35030C-F048-40B4-97DD-0B995ADE8803}.Release|x86.Build.0 = Release|Any CPU
		{B097EEE8-F099-4553-B3A2-EF578118B459}.Debug|Any CPU.ActiveCfg = Debug|Any CPU
		{B097EEE8-F099-4553-B3A2-EF578118B459}.Debug|Any CPU.Build.0 = Debug|Any CPU
		{B097EEE8-F099-4553-B3A2-EF578118B459}.Debug|x64.ActiveCfg = Debug|Any CPU
		{B097EEE8-F099-4553-B3A2-EF578118B459}.Debug|x64.Build.0 = Debug|Any CPU
		{B097EEE8-F099-4553-B3A2-EF578118B459}.Debug|x86.ActiveCfg = Debug|Any CPU
		{B097EEE8-F099-4553-B3A2-EF578118B459}.Debug|x86.Build.0 = Debug|Any CPU
		{B097EEE8-F099-4553-B3A2-EF578118B459}.Release|Any CPU.ActiveCfg = Release|Any CPU
		{B097EEE8-F099-4553-B3A2-EF578118B459}.Release|Any CPU.Build.0 = Release|Any CPU
		{B097EEE8-F099-4553-B3A2-EF578118B459}.Release|x64.ActiveCfg = Release|Any CPU
		{B097EEE8-F099-4553-B3A2-EF578118B459}.Release|x64.Build.0 = Release|Any CPU
		{B097EEE8-F099-4553-B3A2-EF578118B459}.Release|x86.ActiveCfg = Release|Any CPU
		{B097EEE8-F099-4553-B3A2-EF578118B459}.Release|x86.Build.0 = Release|Any CPU
		{EE5A9FF2-1A10-49B1-916C-10F6BA129442}.Debug|Any CPU.ActiveCfg = Debug|Any CPU
		{EE5A9FF2-1A10-49B1-916C-10F6BA129442}.Debug|Any CPU.Build.0 = Debug|Any CPU
		{EE5A9FF2-1A10-49B1-916C-10F6BA129442}.Debug|x64.ActiveCfg = Debug|Any CPU
		{EE5A9FF2-1A10-49B1-916C-10F6BA129442}.Debug|x64.Build.0 = Debug|Any CPU
		{EE5A9FF2-1A10-49B1-916C-10F6BA129442}.Debug|x86.ActiveCfg = Debug|Any CPU
		{EE5A9FF2-1A10-49B1-916C-10F6BA129442}.Debug|x86.Build.0 = Debug|Any CPU
		{EE5A9FF2-1A10-49B1-916C-10F6BA129442}.Release|Any CPU.ActiveCfg = Release|Any CPU
		{EE5A9FF2-1A10-49B1-916C-10F6BA129442}.Release|Any CPU.Build.0 = Release|Any CPU
		{EE5A9FF2-1A10-49B1-916C-10F6BA129442}.Release|x64.ActiveCfg = Release|Any CPU
		{EE5A9FF2-1A10-49B1-916C-10F6BA129442}.Release|x64.Build.0 = Release|Any CPU
		{EE5A9FF2-1A10-49B1-916C-10F6BA129442}.Release|x86.ActiveCfg = Release|Any CPU
		{EE5A9FF2-1A10-49B1-916C-10F6BA129442}.Release|x86.Build.0 = Release|Any CPU
	EndGlobalSection
	GlobalSection(SolutionProperties) = preSolution
		HideSolutionNode = FALSE
	EndGlobalSection
	GlobalSection(NestedProjects) = preSolution
		{A1B2C3D4-E5F6-7890-ABCD-EF1234567890} = {C6FF25B8-C19A-47E2-8064-7560318926F8}
		{B2C3D4E5-F6A7-8901-BCDE-F12345678901} = {A1B2C3D4-E5F6-7890-ABCD-EF1234567890}
		{F7821E6C-0A9B-4D50-B487-F0F6E4ED73AA} = {C6FF25B8-C19A-47E2-8064-7560318926F8}
		{E5D71B8C-C06E-4C95-8C80-4AECF4845F92} = {F7821E6C-0A9B-4D50-B487-F0F6E4ED73AA}
		{34034FE8-23A2-40E4-B0CF-7B6080EBB098} = {D5A658E8-4F74-43A8-AE28-94FB88471CCC}
		{037CFCF1-6AF6-4A44-AE71-2F33FE7FEBFF} = {F7821E6C-0A9B-4D50-B487-F0F6E4ED73AA}
		{9C3D5B7A-2E4F-4A81-B6C8-1F0E3D2C4B5A} = {F7821E6C-0A9B-4D50-B487-F0F6E4ED73AA}
		{AB32EF81-F67B-4D0A-A0CA-88CCF7611DC4} = {074D48AD-55C4-4056-83CB-5DD4B6519446}
		{F0177D35-BE65-4B8D-ACA1-CA39E5A3EC96} = {A1B2C3D4-E5F6-7890-ABCD-EF1234567890}
		{F296CA82-C310-4010-81C7-C4DB9FD31903} = {A1B2C3D4-E5F6-7890-ABCD-EF1234567890}
		{9F445E07-EF45-4BF8-8DD0-3CA51DDB224F} = {A1B2C3D4-E5F6-7890-ABCD-EF1234567890}
		{2025D6B8-EEF1-A508-8F77-F794E412CF1B} = {C6FF25B8-C19A-47E2-8064-7560318926F8}
		{CEDCB7A0-A244-4B0C-8455-DEE28F929DD1} = {2025D6B8-EEF1-A508-8F77-F794E412CF1B}
		{FF35030C-F048-40B4-97DD-0B995ADE8803} = {2025D6B8-EEF1-A508-8F77-F794E412CF1B}
		{B097EEE8-F099-4553-B3A2-EF578118B459} = {2025D6B8-EEF1-A508-8F77-F794E412CF1B}
		{EE5A9FF2-1A10-49B1-916C-10F6BA129442} = {2025D6B8-EEF1-A508-8F77-F794E412CF1B}
	EndGlobalSection
EndGlobal
